{
  "name": "@miheer_gautam4/.meblogs-common",
  "version": "1.0.0",
  "lockfileVersion": 3,
  "requires": true,
  "packages": {
    "": {
      "name": "@miheer_gautam4/.meblogs-common",
      "version": "1.0.0",
      "license": "ISC",
      "dependencies": {
        "@miheer_gautam4/.meblogs-common": "^1.0.0",
        "zod": "^3.24.1"
      }
    },
    "node_modules/@miheer_gautam4/.meblogs-common": {
      "version": "1.0.0",
      "resolved": "https://registry.npmjs.org/@miheer_gautam4/.meblogs-common/-/.meblogs-common-1.0.0.tgz",
      "integrity": "sha512-7PlWhHLfdCjxkc//1yhdj/21lxo9J86NZQAkGpYAvB8WAmdc4PGv4paPi1R7Kg1ue4mvUo13/fiN6o5/rT3rWA==",
      "license": "ISC",
      "dependencies": {
        "zod": "^3.24.1"
      }
    },
    "node_modules/zod": {
      "version": "3.24.1",
      "resolved": "https://registry.npmjs.org/zod/-/zod-3.24.1.tgz",
      "integrity": "sha512-muH7gBL9sI1nciMZV67X5fTKKBLtwpZ5VBp1vsOQzj1MhrBZ4wlVCm3gedKZWLp0Oyel8sIGfeiz54Su+OVT+A==",
      "license": "MIT",
      "funding": {
        "url": "https://github.com/sponsors/colinhacks"
      }
    }
  }
}
